{
  "name": "@m2collective/scss-mixin-media-breakpoints",
  "version": "0.1.0",
  "lockfileVersion": 3,
  "requires": true,
  "packages": {
    "": {
      "name": "@m2collective/scss-mixin-media-breakpoints",
      "version": "0.1.0",
      "license": "MIT",
      "dependencies": {
        "@m2collective/scss-function-rem": "^0.1.0"
      }
    },
    "node_modules/@m2collective/scss-function-rem": {
      "version": "0.1.0",
      "resolved": "https://registry.npmjs.org/@m2collective/scss-function-rem/-/scss-function-rem-0.1.0.tgz",
      "integrity": "sha512-/SAT0DKrIddkrM10gQS8L+KsN0G7dSRziE6K67rcZYMXRpZxoSzQiNgjzZ67Z26UHvoFQg3oPUPyhLSM66Ho+A==",
      "license": "MIT"
    }
  }
}
